
Microsoft Visual Studio Solution File, Format Version 12.00
# Visual Studio Version 17
VisualStudioVersion = 17.0.32112.339
MinimumVisualStudioVersion = 10.0.40219.1
Project("{9A19103F-16F7-4668-BE54-9A1E7A4F7556}") = "Orbital.Mock.Server", "src\Orbital.Mock.Server\Orbital.Mock.Server.csproj", "{628D589C-A322-4ECF-A196-F01897036D0B}"
EndProject
Project("{9A19103F-16F7-4668-BE54-9A1E7A4F7556}") = "Orbital.Mock.Server.Tests", "tests\Orbital.Mock.Server.Tests\Orbital.Mock.Server.Tests.csproj", "{FD0B4743-4379-4782-9631-12E04110190C}"
EndProject
Project("{9A19103F-16F7-4668-BE54-9A1E7A4F7556}") = "Orbital.Mock.IntegrationTests", "tests\Orbital.Mock.IntegrationTests\Orbital.Mock.IntegrationTests.csproj", "{120D4A0D-8F80-49C5-B364-B76DA522C27F}"
EndProject
Project("{9A19103F-16F7-4668-BE54-9A1E7A4F7556}") = "Orbital.Mock.Server.LongRunningTests", "tests\Orbital.Mock.Server.LongRunningTests\Orbital.Mock.Server.LongRunningTests.csproj", "{1A692533-CBC5-4CE5-AAF6-C8AA6EAF48AB}"
EndProject
Project("{9A19103F-16F7-4668-BE54-9A1E7A4F7556}") = "Orbital.Mock.Definition", "src\Orbital.Mock.Definition\Orbital.Mock.Definition.csproj", "{3E412B5B-FB31-4B74-BF66-BDB8CDCE4889}"
EndProject
Project("{FAE04EC0-301F-11D3-BF4B-00C04F79EFBC}") = "Orbital.Mock.Definition.Tests", "tests\Orbital.Mock.Definition.Tests\Orbital.Mock.Definition.Tests.csproj", "{8159237F-424F-45A1-A776-19D9A79D4474}"
EndProject
Project("{FAE04EC0-301F-11D3-BF4B-00C04F79EFBC}") = "Orbital.Mock.Server.IntegrationTests", "tests\Orbital.Mock.Server.IntegrationTests\Orbital.Mock.Server.IntegrationTests.csproj", "{F55AAFE3-4508-4FF6-9BE0-38FDA062AA79}"
EndProject
Global
	GlobalSection(SolutionConfigurationPlatforms) = preSolution
		Debug|Any CPU = Debug|Any CPU
		Release|Any CPU = Release|Any CPU
	EndGlobalSection
	GlobalSection(ProjectConfigurationPlatforms) = postSolution
		{628D589C-A322-4ECF-A196-F01897036D0B}.Debug|Any CPU.ActiveCfg = Debug|Any CPU
		{628D589C-A322-4ECF-A196-F01897036D0B}.Debug|Any CPU.Build.0 = Debug|Any CPU
		{628D589C-A322-4ECF-A196-F01897036D0B}.Release|Any CPU.ActiveCfg = Release|Any CPU
		{628D589C-A322-4ECF-A196-F01897036D0B}.Release|Any CPU.Build.0 = Release|Any CPU
		{FD0B4743-4379-4782-9631-12E04110190C}.Debug|Any CPU.ActiveCfg = Debug|Any CPU
		{FD0B4743-4379-4782-9631-12E04110190C}.Debug|Any CPU.Build.0 = Debug|Any CPU
		{FD0B4743-4379-4782-9631-12E04110190C}.Release|Any CPU.ActiveCfg = Release|Any CPU
		{FD0B4743-4379-4782-9631-12E04110190C}.Release|Any CPU.Build.0 = Release|Any CPU
		{120D4A0D-8F80-49C5-B364-B76DA522C27F}.Debug|Any CPU.ActiveCfg = Debug|Any CPU
		{120D4A0D-8F80-49C5-B364-B76DA522C27F}.Debug|Any CPU.Build.0 = Debug|Any CPU
		{120D4A0D-8F80-49C5-B364-B76DA522C27F}.Release|Any CPU.ActiveCfg = Release|Any CPU
		{120D4A0D-8F80-49C5-B364-B76DA522C27F}.Release|Any CPU.Build.0 = Release|Any CPU
		{1A692533-CBC5-4CE5-AAF6-C8AA6EAF48AB}.Debug|Any CPU.ActiveCfg = Debug|Any CPU
		{1A692533-CBC5-4CE5-AAF6-C8AA6EAF48AB}.Debug|Any CPU.Build.0 = Debug|Any CPU
		{1A692533-CBC5-4CE5-AAF6-C8AA6EAF48AB}.Release|Any CPU.ActiveCfg = Release|Any CPU
		{1A692533-CBC5-4CE5-AAF6-C8AA6EAF48AB}.Release|Any CPU.Build.0 = Release|Any CPU
		{3E412B5B-FB31-4B74-BF66-BDB8CDCE4889}.Debug|Any CPU.ActiveCfg = Debug|Any CPU
		{3E412B5B-FB31-4B74-BF66-BDB8CDCE4889}.Debug|Any CPU.Build.0 = Debug|Any CPU
		{3E412B5B-FB31-4B74-BF66-BDB8CDCE4889}.Release|Any CPU.ActiveCfg = Release|Any CPU
		{3E412B5B-FB31-4B74-BF66-BDB8CDCE4889}.Release|Any CPU.Build.0 = Release|Any CPU
		{8159237F-424F-45A1-A776-19D9A79D4474}.Debug|Any CPU.ActiveCfg = Debug|Any CPU
		{8159237F-424F-45A1-A776-19D9A79D4474}.Debug|Any CPU.Build.0 = Debug|Any CPU
		{8159237F-424F-45A1-A776-19D9A79D4474}.Release|Any CPU.ActiveCfg = Release|Any CPU
		{8159237F-424F-45A1-A776-19D9A79D4474}.Release|Any CPU.Build.0 = Release|Any CPU
		{F55AAFE3-4508-4FF6-9BE0-38FDA062AA79}.Debug|Any CPU.ActiveCfg = Debug|Any CPU
		{F55AAFE3-4508-4FF6-9BE0-38FDA062AA79}.Debug|Any CPU.Build.0 = Debug|Any CPU
		{F55AAFE3-4508-4FF6-9BE0-38FDA062AA79}.Release|Any CPU.ActiveCfg = Release|Any CPU
		{F55AAFE3-4508-4FF6-9BE0-38FDA062AA79}.Release|Any CPU.Build.0 = Release|Any CPU
	EndGlobalSection
	GlobalSection(SolutionProperties) = preSolution
		HideSolutionNode = FALSE
	EndGlobalSection
	GlobalSection(ExtensibilityGlobals) = postSolution
		SolutionGuid = {C2428A76-A9EC-4543-B673-CB36312A5CCE}
	EndGlobalSection
EndGlobal
